
Microsoft Visual Studio Solution File, Format Version 12.00
# Visual Studio 2013
VisualStudioVersion = 12.0.31101.0
MinimumVisualStudioVersion = 10.0.40219.1
Project("{FAE04EC0-301F-11D3-BF4B-00C04F79EFBC}") = "SampleMVC", "SampleMVC\SampleMVC.csproj", "{B99A37C2-B9BF-4A27-BB11-B6A781ECD142}"
EndProject
Project("{FAE04EC0-301F-11D3-BF4B-00C04F79EFBC}") = "SampleMVC.Tests", "SampleMVC.Tests\SampleMVC.Tests.csproj", "{7263A57A-90C2-4C5F-A251-5FC29BD7FDC2}"
EndProject
Global
	GlobalSection(SolutionConfigurationPlatforms) = preSolution
		Debug|Any CPU = Debug|Any CPU
		Release|Any CPU = Release|Any CPU
	EndGlobalSection
	GlobalSection(ProjectConfigurationPlatforms) = postSolution
		{B99A37C2-B9BF-4A27-BB11-B6A781ECD142}.Debug|Any CPU.ActiveCfg = Debug|Any CPU
		{B99A37C2-B9BF-4A27-BB11-B6A781ECD142}.Debug|Any CPU.Build.0 = Debug|Any CPU
		{B99A37C2-B9BF-4A27-BB11-B6A781ECD142}.Release|Any CPU.ActiveCfg = Release|Any CPU
		{B99A37C2-B9BF-4A27-BB11-B6A781ECD142}.Release|Any CPU.Build.0 = Release|Any CPU
		{7263A57A-90C2-4C5F-A251-5FC29BD7FDC2}.Debug|Any CPU.ActiveCfg = Debug|Any CPU
		{7263A57A-90C2-4C5F-A251-5FC29BD7FDC2}.Debug|Any CPU.Build.0 = Debug|Any CPU
		{7263A57A-90C2-4C5F-A251-5FC29BD7FDC2}.Release|Any CPU.ActiveCfg = Release|Any CPU
		{7263A57A-90C2-4C5F-A251-5FC29BD7FDC2}.Release|Any CPU.Build.0 = Release|Any CPU
	EndGlobalSection
	GlobalSection(SolutionProperties) = preSolution
		HideSolutionNode = FALSE
	EndGlobalSection
EndGlobal
